{
  "name": "@onecx/angular-accelerator",
  "version": "5.13.0",
  "lockfileVersion": 3,
  "requires": true,
  "packages": {
    "": {
      "name": "@onecx/angular-accelerator",
      "version": "5.13.0",
      "license": "Apache-2.0",
      "peerDependencies": {
        "@angular/cdk": "^18.0.6",
        "@angular/common": "^18.0.5",
        "@angular/core": "^18.0.5",
        "@angular/forms": "^18.0.5",
        "@angular/platform-browser": "^18.0.5",
        "@angular/router": "^18.0.5",
        "@ngneat/until-destroy": "^10.0.0",
        "@ngx-translate/core": "^15.0.0",
        "@onecx/angular-integration-interface": "^5",
        "@onecx/integration-interface": "^5",
        "chart.js": "^4.4.3",
        "d3-scale-chromatic": "^3.1.0",
        "primeng": "^17.18.6",
        "rxjs": "~7.8.1"
      }
    },
    "node_modules/@angular/cdk": {
      "version": "18.2.6",
      "resolved": "https://registry.npmjs.org/@angular/cdk/-/cdk-18.2.6.tgz",
      "integrity": "sha512-Gfq/iv4zhlKYpdQkDaBRwxI71NHNUHM1Cs1XhnZ0/oFct5HXvSv1RHRGTKqBJLLACaAPzZKXJ/UglLoyO5CNiQ==",
      "peer": true,
      "dependencies": {
        "tslib": "^2.3.0"
      },
      "optionalDependencies": {
        "parse5": "^7.1.2"
      },
      "peerDependencies": {
        "@angular/common": "^18.0.0 || ^19.0.0",
        "@angular/core": "^18.0.0 || ^19.0.0",
        "rxjs": "^6.5.3 || ^7.4.0"
      }
    },
    "node_modules/@angular/common": {
      "version": "18.2.7",
      "resolved": "https://registry.npmjs.org/@angular/common/-/common-18.2.7.tgz",
      "integrity": "sha512-5vDBmBR2JcIxHVEDunKXNU+T+OvTGiHZTSo35GFOHJxKFgX5g6+0tJBZunK04oBZGbJQUmp3pg2kMvuKKjZnkQ==",
      "peer": true,
      "dependencies": {
        "tslib": "^2.3.0"
      },
      "engines": {
        "node": "^18.19.1 || ^20.11.1 || >=22.0.0"
      },
      "peerDependencies": {
        "@angular/core": "18.2.7",
        "rxjs": "^6.5.3 || ^7.4.0"
      }
    },
    "node_modules/@angular/core": {
      "version": "18.2.7",
      "resolved": "https://registry.npmjs.org/@angular/core/-/core-18.2.7.tgz",
      "integrity": "sha512-hLOxgxLiyWm9iVHBsUsJfx1hDsXWZnfJBlr+N7cev53f0CDoPfbshqq6KV+JFqXFDguzR9dKHm1ewT1jK3e6Tw==",
      "peer": true,
      "dependencies": {
        "tslib": "^2.3.0"
      },
      "engines": {
        "node": "^18.19.1 || ^20.11.1 || >=22.0.0"
      },
      "peerDependencies": {
        "rxjs": "^6.5.3 || ^7.4.0",
        "zone.js": "~0.14.10"
      }
    },
    "node_modules/@angular/forms": {
      "version": "18.2.7",
      "resolved": "https://registry.npmjs.org/@angular/forms/-/forms-18.2.7.tgz",
      "integrity": "sha512-WO3c9/OA7ekBnDBgmvi5TlHshOt5S4NREIP+/VVyuRgg28BwUWyO/Nqh19nguE1UNNRt6OMLkT6NSV2ewhcXUg==",
      "peer": true,
      "dependencies": {
        "tslib": "^2.3.0"
      },
      "engines": {
        "node": "^18.19.1 || ^20.11.1 || >=22.0.0"
      },
      "peerDependencies": {
        "@angular/common": "18.2.7",
        "@angular/core": "18.2.7",
        "@angular/platform-browser": "18.2.7",
        "rxjs": "^6.5.3 || ^7.4.0"
      }
    },
    "node_modules/@angular/platform-browser": {
      "version": "18.2.7",
      "resolved": "https://registry.npmjs.org/@angular/platform-browser/-/platform-browser-18.2.7.tgz",
      "integrity": "sha512-xgj2DH/isFrMZ73dJJm89NRnWBI3AHtugQrZbIapkKBdEt/C1o4SR2W2cV4mPb9o+ELnWurfrxFt9o/q2vnVLw==",
      "peer": true,
      "dependencies": {
        "tslib": "^2.3.0"
      },
      "engines": {
        "node": "^18.19.1 || ^20.11.1 || >=22.0.0"
      },
      "peerDependencies": {
        "@angular/animations": "18.2.7",
        "@angular/common": "18.2.7",
        "@angular/core": "18.2.7"
      },
      "peerDependenciesMeta": {
        "@angular/animations": {
          "optional": true
        }
      }
    },
    "node_modules/@angular/router": {
      "version": "18.2.7",
      "resolved": "https://registry.npmjs.org/@angular/router/-/router-18.2.7.tgz",
      "integrity": "sha512-TXE8Aw63hDp3PEaNu4B1DMNvlS0uCzs36o/OSCCmewmLnzyJygkgi4jeEj20FsWPAQOUj5g5tnCYgxz1IRrCUg==",
      "peer": true,
      "dependencies": {
        "tslib": "^2.3.0"
      },
      "engines": {
        "node": "^18.19.1 || ^20.11.1 || >=22.0.0"
      },
      "peerDependencies": {
        "@angular/common": "18.2.7",
        "@angular/core": "18.2.7",
        "@angular/platform-browser": "18.2.7",
        "rxjs": "^6.5.3 || ^7.4.0"
      }
    },
    "node_modules/@kurkle/color": {
      "version": "0.3.2",
      "resolved": "https://registry.npmjs.org/@kurkle/color/-/color-0.3.2.tgz",
      "integrity": "sha512-fuscdXJ9G1qb7W8VdHi+IwRqij3lBkosAm4ydQtEmbY58OzHXqQhvlxqEkoz0yssNVn38bcpRWgA9PP+OGoisw==",
      "peer": true
    },
    "node_modules/@ngneat/until-destroy": {
      "version": "10.0.0",
      "resolved": "https://registry.npmjs.org/@ngneat/until-destroy/-/until-destroy-10.0.0.tgz",
      "integrity": "sha512-xXFAabQ4YVJ82LYxdgUlaKZyR3dSbxqG3woSyaclzxfCgWMEDweCcM/GGYbNiHJa0WwklI98RXHvca+UyCxpeg==",
      "peer": true,
      "dependencies": {
        "tslib": "^2.3.0"
      },
      "peerDependencies": {
        "@angular/core": ">=13",
        "rxjs": "^6.4.0 || ^7.0.0"
      }
    },
    "node_modules/@ngx-translate/core": {
      "version": "15.0.0",
      "resolved": "https://registry.npmjs.org/@ngx-translate/core/-/core-15.0.0.tgz",
      "integrity": "sha512-Am5uiuR0bOOxyoercDnAA3rJVizo4RRqJHo8N3RqJ+XfzVP/I845yEnMADykOHvM6HkVm4SZSnJBOiz0Anx5BA==",
      "peer": true,
      "engines": {
        "node": "^16.13.0 || >=18.10.0"
      },
      "peerDependencies": {
        "@angular/common": ">=16.0.0",
        "@angular/core": ">=16.0.0",
        "rxjs": "^6.5.5 || ^7.4.0"
      }
    },
    "node_modules/@onecx/accelerator": {
      "version": "5.13.0",
      "resolved": "https://registry.npmjs.org/@onecx/accelerator/-/accelerator-5.13.0.tgz",
      "integrity": "sha512-pvO/+Az2+D0I1u1BauLE8DWlkmRXOU6dASomVn/8SSD0zaL2WEaSevPHK13N3WTlBRYGPJ+gHt1CyfHN+mfdOw==",
      "peer": true,
      "peerDependencies": {
        "rxjs": "^7.8.1",
        "tslib": "^2.6.3"
      }
    },
    "node_modules/@onecx/angular-integration-interface": {
      "version": "5.13.0",
      "resolved": "https://registry.npmjs.org/@onecx/angular-integration-interface/-/angular-integration-interface-5.13.0.tgz",
      "integrity": "sha512-FhMnlh3r1GUMysxyAkJYHBjroiL9kDUb40MMtTqu/0eTXVNQNHCkrDhhj+MzYs0s19WjgdLFuJjrGq3L6h15wA==",
      "peer": true,
      "dependencies": {
        "tslib": "^2.3.0"
      },
      "peerDependencies": {
        "@angular/core": "^18.0.5",
        "@onecx/integration-interface": "~5",
        "rxjs": "~7.8.1"
      }
    },
    "node_modules/@onecx/integration-interface": {
      "version": "5.13.0",
      "resolved": "https://registry.npmjs.org/@onecx/integration-interface/-/integration-interface-5.13.0.tgz",
      "integrity": "sha512-hIT7Zq4GHps/IhwtWRtuFwiqpKCqEHVVh6HdFqAm3xE//ee6Npq92ArJTsZMoCp5huVhXvAdfs4YGdPglEupfg==",
      "peer": true,
      "peerDependencies": {
        "@onecx/accelerator": "^5",
        "rxjs": "^7.8.1",
        "tslib": "^2.6.3"
      }
    },
    "node_modules/chart.js": {
      "version": "4.4.4",
      "resolved": "https://registry.npmjs.org/chart.js/-/chart.js-4.4.4.tgz",
      "integrity": "sha512-emICKGBABnxhMjUjlYRR12PmOXhJ2eJjEHL2/dZlWjxRAZT1D8xplLFq5M0tMQK8ja+wBS/tuVEJB5C6r7VxJA==",
      "peer": true,
      "dependencies": {
        "@kurkle/color": "^0.3.0"
      },
      "engines": {
        "pnpm": ">=8"
      }
    },
    "node_modules/d3-color": {
      "version": "3.1.0",
      "resolved": "https://registry.npmjs.org/d3-color/-/d3-color-3.1.0.tgz",
      "integrity": "sha512-zg/chbXyeBtMQ1LbD/WSoW2DpC3I0mpmPdW+ynRTj/x2DAWYrIY7qeZIHidozwV24m4iavr15lNwIwLxRmOxhA==",
      "peer": true,
      "engines": {
        "node": ">=12"
      }
    },
    "node_modules/d3-interpolate": {
      "version": "3.0.1",
      "resolved": "https://registry.npmjs.org/d3-interpolate/-/d3-interpolate-3.0.1.tgz",
      "integrity": "sha512-3bYs1rOD33uo8aqJfKP3JWPAibgw8Zm2+L9vBKEHJ2Rg+viTR7o5Mmv5mZcieN+FRYaAOWX5SJATX6k1PWz72g==",
      "peer": true,
      "dependencies": {
        "d3-color": "1 - 3"
      },
      "engines": {
        "node": ">=12"
      }
    },
    "node_modules/d3-scale-chromatic": {
      "version": "3.1.0",
      "resolved": "https://registry.npmjs.org/d3-scale-chromatic/-/d3-scale-chromatic-3.1.0.tgz",
      "integrity": "sha512-A3s5PWiZ9YCXFye1o246KoscMWqf8BsD9eRiJ3He7C9OBaxKhAd5TFCdEx/7VbKtxxTsu//1mMJFrEt572cEyQ==",
      "peer": true,
      "dependencies": {
        "d3-color": "1 - 3",
        "d3-interpolate": "1 - 3"
      },
      "engines": {
        "node": ">=12"
      }
    },
    "node_modules/entities": {
      "version": "4.5.0",
      "resolved": "https://registry.npmjs.org/entities/-/entities-4.5.0.tgz",
      "integrity": "sha512-V0hjH4dGPh9Ao5p0MoRY6BVqtwCjhz6vI5LT8AJ55H+4g9/4vbHx1I54fS0XuclLhDHArPQCiMjDxjaL8fPxhw==",
      "optional": true,
      "peer": true,
      "engines": {
        "node": ">=0.12"
      },
      "funding": {
        "url": "https://github.com/fb55/entities?sponsor=1"
      }
    },
    "node_modules/parse5": {
      "version": "7.1.2",
      "resolved": "https://registry.npmjs.org/parse5/-/parse5-7.1.2.tgz",
      "integrity": "sha512-Czj1WaSVpaoj0wbhMzLmWD69anp2WH7FXMB9n1Sy8/ZFF9jolSQVMu1Ij5WIyGmcBmhk7EOndpO4mIpihVqAXw==",
      "optional": true,
      "peer": true,
      "dependencies": {
        "entities": "^4.4.0"
      },
      "funding": {
        "url": "https://github.com/inikulin/parse5?sponsor=1"
      }
    },
    "node_modules/primeng": {
      "version": "17.18.11",
      "resolved": "https://registry.npmjs.org/primeng/-/primeng-17.18.11.tgz",
      "integrity": "sha512-LzV0fFZmb3GdnaRqi1+GP+RPtW0a+jztL5pH1zRWY7+7pyQ0n1YNyTXzmqVcdks/CmoyjNhutWEmexwi6vFVeA==",
      "peer": true,
      "dependencies": {
        "tslib": "^2.3.0"
      },
      "peerDependencies": {
        "@angular/common": "^17.0.0 || ^18.0.0",
        "@angular/core": "^17.0.0 || ^18.0.0",
        "@angular/forms": "^17.0.0 || ^18.0.0",
        "rxjs": "^6.0.0 || ^7.8.1",
        "zone.js": "~0.14.0"
      }
    },
    "node_modules/rxjs": {
      "version": "7.8.1",
      "resolved": "https://registry.npmjs.org/rxjs/-/rxjs-7.8.1.tgz",
      "integrity": "sha512-AA3TVj+0A2iuIoQkWEK/tqFjBq2j+6PO6Y0zJcvzLAFhEFIO3HL0vls9hWLncZbAAbK0mar7oZ4V079I/qPMxg==",
      "peer": true,
      "dependencies": {
        "tslib": "^2.1.0"
      }
    },
    "node_modules/tslib": {
      "version": "2.7.0",
      "resolved": "https://registry.npmjs.org/tslib/-/tslib-2.7.0.tgz",
      "integrity": "sha512-gLXCKdN1/j47AiHiOkJN69hJmcbGTHI0ImLmbYLHykhgeN0jVGola9yVjFgzCUklsZQMW55o+dW7IXv3RCXDzA==",
      "peer": true
    },
    "node_modules/zone.js": {
      "version": "0.14.10",
      "resolved": "https://registry.npmjs.org/zone.js/-/zone.js-0.14.10.tgz",
      "integrity": "sha512-YGAhaO7J5ywOXW6InXNlLmfU194F8lVgu7bRntUF3TiG8Y3nBK0x1UJJuHUP/e8IyihkjCYqhCScpSwnlaSRkQ==",
      "peer": true
    }
  }
}
